
Microsoft Visual Studio Solution File, Format Version 12.00
# Visual Studio Version 17
VisualStudioVersion = 17.8.34316.72
MinimumVisualStudioVersion = 10.0.40219.1
Project("{2150E333-8FDC-42A3-9474-1A3956D46DE8}") = "Services", "Services", "{173EEEDF-26B8-45D0-88A7-CD7F411014BC}"
EndProject
Project("{2150E333-8FDC-42A3-9474-1A3956D46DE8}") = "Catalog", "Catalog", "{1435CA93-5263-4711-A36B-94F0927CDA21}"
EndProject
Project("{9A19103F-16F7-4668-BE54-9A1E7A4F7556}") = "Catalog.API", "Services\Catalog\Catalog.API\Catalog.API.csproj", "{8E691E82-6660-4E8F-BB32-3D0FFED661D8}"
EndProject
Project("{E53339B2-1760-4266-BCC7-CA923CBCF16C}") = "docker-compose", "docker-compose.dcproj", "{996CDF96-7DFE-40F2-A4BB-8638D4368264}"
EndProject
Project("{2150E333-8FDC-42A3-9474-1A3956D46DE8}") = "Basket", "Basket", "{D40877D3-A05D-46CC-8B2B-F12A6DC9D7FA}"
EndProject
Project("{2150E333-8FDC-42A3-9474-1A3956D46DE8}") = "Discount", "Discount", "{B6E1F223-2D1D-4BEC-92EE-67C434B79BE8}"
EndProject
Project("{9A19103F-16F7-4668-BE54-9A1E7A4F7556}") = "Discount.API", "Services\Discount\Discount.API\Discount.API.csproj", "{341C4A03-397B-4CB5-A782-8402F5CBD811}"
EndProject
Project("{9A19103F-16F7-4668-BE54-9A1E7A4F7556}") = "Basket.API", "Services\Basket\Basket.API\Basket.API.csproj", "{7AF00605-7EED-44F9-98C4-16BAFEB00A00}"
EndProject
Project("{9A19103F-16F7-4668-BE54-9A1E7A4F7556}") = "Discount.Grpc", "Services\Discount\Discount.Grpc\Discount.Grpc.csproj", "{6B112801-99D8-4BAD-B548-D6D14B84232A}"
EndProject
Project("{2150E333-8FDC-42A3-9474-1A3956D46DE8}") = "Ordering", "Ordering", "{78E5EAF3-75D5-4B73-8AE7-5F8DFDF5410E}"
EndProject
Project("{FAE04EC0-301F-11D3-BF4B-00C04F79EFBC}") = "Ordering.Application", "Services\Ordering\Ordering.Application\Ordering.Application.csproj", "{ED0992E7-2BC1-4431-9EE8-946C7AEEEDD7}"
EndProject
Project("{FAE04EC0-301F-11D3-BF4B-00C04F79EFBC}") = "Ordering.API", "Services\Ordering\Ordering.API\Ordering.API.csproj", "{B05C5955-9D49-4DEB-B10E-23EA774B34B2}"
EndProject
Project("{FAE04EC0-301F-11D3-BF4B-00C04F79EFBC}") = "Ordering.Domain", "Services\Ordering\Ordering.Domain\Ordering.Domain.csproj", "{87066FE9-561B-47E7-B1A8-A63E7789B5F4}"
EndProject
Project("{FAE04EC0-301F-11D3-BF4B-00C04F79EFBC}") = "Ordering.Infrastructure", "Services\Ordering\Ordering.Infrastructure\Ordering.Infrastructure.csproj", "{66E00B17-F11F-4DF9-A5CD-E34F751213BD}"
EndProject
Global
	GlobalSection(SolutionConfigurationPlatforms) = preSolution
		Debug|Any CPU = Debug|Any CPU
		Release|Any CPU = Release|Any CPU
	EndGlobalSection
	GlobalSection(ProjectConfigurationPlatforms) = postSolution
		{8E691E82-6660-4E8F-BB32-3D0FFED661D8}.Debug|Any CPU.ActiveCfg = Debug|Any CPU
		{8E691E82-6660-4E8F-BB32-3D0FFED661D8}.Debug|Any CPU.Build.0 = Debug|Any CPU
		{8E691E82-6660-4E8F-BB32-3D0FFED661D8}.Release|Any CPU.ActiveCfg = Release|Any CPU
		{8E691E82-6660-4E8F-BB32-3D0FFED661D8}.Release|Any CPU.Build.0 = Release|Any CPU
		{996CDF96-7DFE-40F2-A4BB-8638D4368264}.Debug|Any CPU.ActiveCfg = Debug|Any CPU
		{996CDF96-7DFE-40F2-A4BB-8638D4368264}.Debug|Any CPU.Build.0 = Debug|Any CPU
		{996CDF96-7DFE-40F2-A4BB-8638D4368264}.Release|Any CPU.ActiveCfg = Release|Any CPU
		{996CDF96-7DFE-40F2-A4BB-8638D4368264}.Release|Any CPU.Build.0 = Release|Any CPU
		{341C4A03-397B-4CB5-A782-8402F5CBD811}.Debug|Any CPU.ActiveCfg = Debug|Any CPU
		{341C4A03-397B-4CB5-A782-8402F5CBD811}.Debug|Any CPU.Build.0 = Debug|Any CPU
		{341C4A03-397B-4CB5-A782-8402F5CBD811}.Release|Any CPU.ActiveCfg = Release|Any CPU
		{341C4A03-397B-4CB5-A782-8402F5CBD811}.Release|Any CPU.Build.0 = Release|Any CPU
		{7AF00605-7EED-44F9-98C4-16BAFEB00A00}.Debug|Any CPU.ActiveCfg = Debug|Any CPU
		{7AF00605-7EED-44F9-98C4-16BAFEB00A00}.Debug|Any CPU.Build.0 = Debug|Any CPU
		{7AF00605-7EED-44F9-98C4-16BAFEB00A00}.Release|Any CPU.ActiveCfg = Release|Any CPU
		{7AF00605-7EED-44F9-98C4-16BAFEB00A00}.Release|Any CPU.Build.0 = Release|Any CPU
		{6B112801-99D8-4BAD-B548-D6D14B84232A}.Debug|Any CPU.ActiveCfg = Debug|Any CPU
		{6B112801-99D8-4BAD-B548-D6D14B84232A}.Debug|Any CPU.Build.0 = Debug|Any CPU
		{6B112801-99D8-4BAD-B548-D6D14B84232A}.Release|Any CPU.ActiveCfg = Release|Any CPU
		{6B112801-99D8-4BAD-B548-D6D14B84232A}.Release|Any CPU.Build.0 = Release|Any CPU
		{ED0992E7-2BC1-4431-9EE8-946C7AEEEDD7}.Debug|Any CPU.ActiveCfg = Debug|Any CPU
		{ED0992E7-2BC1-4431-9EE8-946C7AEEEDD7}.Debug|Any CPU.Build.0 = Debug|Any CPU
		{ED0992E7-2BC1-4431-9EE8-946C7AEEEDD7}.Release|Any CPU.ActiveCfg = Release|Any CPU
		{ED0992E7-2BC1-4431-9EE8-946C7AEEEDD7}.Release|Any CPU.Build.0 = Release|Any CPU
		{B05C5955-9D49-4DEB-B10E-23EA774B34B2}.Debug|Any CPU.ActiveCfg = Debug|Any CPU
		{B05C5955-9D49-4DEB-B10E-23EA774B34B2}.Debug|Any CPU.Build.0 = Debug|Any CPU
		{B05C5955-9D49-4DEB-B10E-23EA774B34B2}.Release|Any CPU.ActiveCfg = Release|Any CPU
		{B05C5955-9D49-4DEB-B10E-23EA774B34B2}.Release|Any CPU.Build.0 = Release|Any CPU
		{87066FE9-561B-47E7-B1A8-A63E7789B5F4}.Debug|Any CPU.ActiveCfg = Debug|Any CPU
		{87066FE9-561B-47E7-B1A8-A63E7789B5F4}.Debug|Any CPU.Build.0 = Debug|Any CPU
		{87066FE9-561B-47E7-B1A8-A63E7789B5F4}.Release|Any CPU.ActiveCfg = Release|Any CPU
		{87066FE9-561B-47E7-B1A8-A63E7789B5F4}.Release|Any CPU.Build.0 = Release|Any CPU
		{66E00B17-F11F-4DF9-A5CD-E34F751213BD}.Debug|Any CPU.ActiveCfg = Debug|Any CPU
		{66E00B17-F11F-4DF9-A5CD-E34F751213BD}.Debug|Any CPU.Build.0 = Debug|Any CPU
		{66E00B17-F11F-4DF9-A5CD-E34F751213BD}.Release|Any CPU.ActiveCfg = Release|Any CPU
		{66E00B17-F11F-4DF9-A5CD-E34F751213BD}.Release|Any CPU.Build.0 = Release|Any CPU
	EndGlobalSection
	GlobalSection(SolutionProperties) = preSolution
		HideSolutionNode = FALSE
	EndGlobalSection
	GlobalSection(NestedProjects) = preSolution
		{1435CA93-5263-4711-A36B-94F0927CDA21} = {173EEEDF-26B8-45D0-88A7-CD7F411014BC}
		{8E691E82-6660-4E8F-BB32-3D0FFED661D8} = {1435CA93-5263-4711-A36B-94F0927CDA21}
		{D40877D3-A05D-46CC-8B2B-F12A6DC9D7FA} = {173EEEDF-26B8-45D0-88A7-CD7F411014BC}
		{B6E1F223-2D1D-4BEC-92EE-67C434B79BE8} = {173EEEDF-26B8-45D0-88A7-CD7F411014BC}
		{341C4A03-397B-4CB5-A782-8402F5CBD811} = {B6E1F223-2D1D-4BEC-92EE-67C434B79BE8}
		{7AF00605-7EED-44F9-98C4-16BAFEB00A00} = {D40877D3-A05D-46CC-8B2B-F12A6DC9D7FA}
		{6B112801-99D8-4BAD-B548-D6D14B84232A} = {B6E1F223-2D1D-4BEC-92EE-67C434B79BE8}
		{78E5EAF3-75D5-4B73-8AE7-5F8DFDF5410E} = {173EEEDF-26B8-45D0-88A7-CD7F411014BC}
		{ED0992E7-2BC1-4431-9EE8-946C7AEEEDD7} = {78E5EAF3-75D5-4B73-8AE7-5F8DFDF5410E}
		{B05C5955-9D49-4DEB-B10E-23EA774B34B2} = {78E5EAF3-75D5-4B73-8AE7-5F8DFDF5410E}
		{87066FE9-561B-47E7-B1A8-A63E7789B5F4} = {78E5EAF3-75D5-4B73-8AE7-5F8DFDF5410E}
		{66E00B17-F11F-4DF9-A5CD-E34F751213BD} = {78E5EAF3-75D5-4B73-8AE7-5F8DFDF5410E}
	EndGlobalSection
	GlobalSection(ExtensibilityGlobals) = postSolution
		SolutionGuid = {1BFDF5D7-9907-4C8A-B0A0-4AB8702CF77C}
	EndGlobalSection
EndGlobal
